Microsoft Visual Studio Solution File, Format Version 12.00
# Visual Studio Version 17
VisualStudioVersion = 17.5.2.0
MinimumVisualStudioVersion = 10.0.40219.1
Project("{FAE04EC0-301F-11D3-BF4B-00C04F79EFBC}") = "ConSec", "ConSec.csproj", "{5FD8D73B-D9A6-E61A-39D9-9BC628199571}"
EndProject
Global
	GlobalSection(SolutionConfigurationPlatforms) = preSolution
		Debug|Any CPU = Debug|Any CPU
		Release|Any CPU = Release|Any CPU
	EndGlobalSection
	GlobalSection(ProjectConfigurationPlatforms) = postSolution
		{5FD8D73B-D9A6-E61A-39D9-9BC628199571}.Debug|Any CPU.ActiveCfg = Debug|Any CPU
		{5FD8D73B-D9A6-E61A-39D9-9BC628199571}.Debug|Any CPU.Build.0 = Debug|Any CPU
		{5FD8D73B-D9A6-E61A-39D9-9BC628199571}.Release|Any CPU.ActiveCfg = Release|Any CPU
		{5FD8D73B-D9A6-E61A-39D9-9BC628199571}.Release|Any CPU.Build.0 = Release|Any CPU
	EndGlobalSection
	GlobalSection(SolutionProperties) = preSolution
		HideSolutionNode = FALSE
	EndGlobalSection
	GlobalSection(ExtensibilityGlobals) = postSolution
		SolutionGuid = {D6AB2E20-E930-4100-8F28-DAC5B1205D96}
	EndGlobalSection
EndGlobal
